
Microsoft Visual Studio Solution File, Format Version 12.00
# Visual Studio Version 17
VisualStudioVersion = 17.14.36121.58 d17.14
MinimumVisualStudioVersion = 10.0.40219.1
Project("{FAE04EC0-301F-11D3-BF4B-00C04F79EFBC}") = "MauiFrontend", "MauiFrontend\MauiFrontend.csproj", "{C0B4E47F-1BDD-4019-928C-AB322418BF87}"
EndProject
Global
	GlobalSection(SolutionConfigurationPlatforms) = preSolution
		Debug|Any CPU = Debug|Any CPU
		Release|Any CPU = Release|Any CPU
	EndGlobalSection
	GlobalSection(ProjectConfigurationPlatforms) = postSolution
		{C0B4E47F-1BDD-4019-928C-AB322418BF87}.Debug|Any CPU.ActiveCfg = Debug|Any CPU
		{C0B4E47F-1BDD-4019-928C-AB322418BF87}.Debug|Any CPU.Build.0 = Debug|Any CPU
		{C0B4E47F-1BDD-4019-928C-AB322418BF87}.Debug|Any CPU.Deploy.0 = Debug|Any CPU
		{C0B4E47F-1BDD-4019-928C-AB322418BF87}.Release|Any CPU.ActiveCfg = Release|Any CPU
		{C0B4E47F-1BDD-4019-928C-AB322418BF87}.Release|Any CPU.Build.0 = Release|Any CPU
		{C0B4E47F-1BDD-4019-928C-AB322418BF87}.Release|Any CPU.Deploy.0 = Release|Any CPU
	EndGlobalSection
	GlobalSection(SolutionProperties) = preSolution
		HideSolutionNode = FALSE
	EndGlobalSection
	GlobalSection(ExtensibilityGlobals) = postSolution
		SolutionGuid = {7A8B6939-A0BC-474C-B090-536613308366}
	EndGlobalSection
EndGlobal
