
Microsoft Visual Studio Solution File, Format Version 12.00
Project("{FAE04EC0-301F-11D3-BF4B-00C04F79EFBC}") = "MauiFrontend", "MauiFrontend\MauiFrontend.csproj", "{57248037-3431-4937-93EB-C3B171868B50}"
EndProject
Global
	GlobalSection(SolutionConfigurationPlatforms) = preSolution
		Debug|Any CPU = Debug|Any CPU
		Release|Any CPU = Release|Any CPU
	EndGlobalSection
	GlobalSection(ProjectConfigurationPlatforms) = postSolution
		{57248037-3431-4937-93EB-C3B171868B50}.Debug|Any CPU.ActiveCfg = Debug|Any CPU
		{57248037-3431-4937-93EB-C3B171868B50}.Debug|Any CPU.Build.0 = Debug|Any CPU
		{57248037-3431-4937-93EB-C3B171868B50}.Release|Any CPU.ActiveCfg = Release|Any CPU
		{57248037-3431-4937-93EB-C3B171868B50}.Release|Any CPU.Build.0 = Release|Any CPU
	EndGlobalSection
EndGlobal
